// !$*UTF8*$!
{
	archiveVersion = 1;
	classes = {
	};
	objectVersion = 56;
	objects = {

/* Begin PBXBuildFile section */
		0332A936296A2B9D0012D8C7 /* WordleApp.swift in Sources */ = {isa = PBXBuildFile; fileRef = 0332A935296A2B9D0012D8C7 /* WordleApp.swift */; };
		0332A938296A2B9D0012D8C7 /* GameView.swift in Sources */ = {isa = PBXBuildFile; fileRef = 0332A937296A2B9D0012D8C7 /* GameView.swift */; };
		0332A93A296A2B9E0012D8C7 /* Assets.xcassets in Resources */ = {isa = PBXBuildFile; fileRef = 0332A939296A2B9E0012D8C7 /* Assets.xcassets */; };
		0332A93D296A2B9E0012D8C7 /* Preview Assets.xcassets in Resources */ = {isa = PBXBuildFile; fileRef = 0332A93C296A2B9E0012D8C7 /* Preview Assets.xcassets */; };
		0332A947296A2B9E0012D8C7 /* WordleTests.swift in Sources */ = {isa = PBXBuildFile; fileRef = 0332A946296A2B9E0012D8C7 /* WordleTests.swift */; };
		0332A951296A2B9E0012D8C7 /* WordleUITests.swift in Sources */ = {isa = PBXBuildFile; fileRef = 0332A950296A2B9E0012D8C7 /* WordleUITests.swift */; };
		0332A953296A2B9E0012D8C7 /* WordleUITestsLaunchTests.swift in Sources */ = {isa = PBXBuildFile; fileRef = 0332A952296A2B9E0012D8C7 /* WordleUITestsLaunchTests.swift */; };
		03402828297C4D5B00BF1CAB /* words.json in Resources */ = {isa = PBXBuildFile; fileRef = 03402827297C4D5B00BF1CAB /* words.json */; };
		0340282A297DC61B00BF1CAB /* LetterView.swift in Sources */ = {isa = PBXBuildFile; fileRef = 03402829297DC61B00BF1CAB /* LetterView.swift */; };
		0340282C297DC72700BF1CAB /* Letter.swift in Sources */ = {isa = PBXBuildFile; fileRef = 0340282B297DC72700BF1CAB /* Letter.swift */; };
		0340282E297DC74B00BF1CAB /* Row.swift in Sources */ = {isa = PBXBuildFile; fileRef = 0340282D297DC74B00BF1CAB /* Row.swift */; };
		03402830297DC76200BF1CAB /* Color+Wordle.swift in Sources */ = {isa = PBXBuildFile; fileRef = 0340282F297DC76200BF1CAB /* Color+Wordle.swift */; };
		03402832297DC77A00BF1CAB /* With.swift in Sources */ = {isa = PBXBuildFile; fileRef = 03402831297DC77A00BF1CAB /* With.swift */; };
		03402834297DC7A700BF1CAB /* GameViewModel.swift in Sources */ = {isa = PBXBuildFile; fileRef = 03402833297DC7A700BF1CAB /* GameViewModel.swift */; };
		03402836297DC85E00BF1CAB /* AnchorToParentLayout.swift in Sources */ = {isa = PBXBuildFile; fileRef = 03402835297DC85E00BF1CAB /* AnchorToParentLayout.swift */; };
		03402838297DC89300BF1CAB /* CGSize+AspectRatio.swift in Sources */ = {isa = PBXBuildFile; fileRef = 03402837297DC89300BF1CAB /* CGSize+AspectRatio.swift */; };
		03D12EBF2998167600808977 /* Stack.swift in Sources */ = {isa = PBXBuildFile; fileRef = 03D12EBE2998167600808977 /* Stack.swift */; };
		03D12EC1299819C000808977 /* Game.swift in Sources */ = {isa = PBXBuildFile; fileRef = 03D12EC0299819C000808977 /* Game.swift */; };
		03D12EC329981D6600808977 /* Publisher+ScanMap.swift in Sources */ = {isa = PBXBuildFile; fileRef = 03D12EC229981D6600808977 /* Publisher+ScanMap.swift */; };
		03D12EC52998221200808977 /* Animations.swift in Sources */ = {isa = PBXBuildFile; fileRef = 03D12EC42998221200808977 /* Animations.swift */; };
/* End PBXBuildFile section */

/* Begin PBXContainerItemProxy section */
		0332A943296A2B9E0012D8C7 /* PBXContainerItemProxy */ = {
			isa = PBXContainerItemProxy;
			containerPortal = 0332A92A296A2B9D0012D8C7 /* Project object */;
			proxyType = 1;
			remoteGlobalIDString = 0332A931296A2B9D0012D8C7;
			remoteInfo = Wordle;
		};
		0332A94D296A2B9E0012D8C7 /* PBXContainerItemProxy */ = {
			isa = PBXContainerItemProxy;
			containerPortal = 0332A92A296A2B9D0012D8C7 /* Project object */;
			proxyType = 1;
			remoteGlobalIDString = 0332A931296A2B9D0012D8C7;
			remoteInfo = Wordle;
		};
/* End PBXContainerItemProxy section */

/* Begin PBXFileReference section */
		0332A932296A2B9D0012D8C7 /* Wordle.app */ = {isa = PBXFileReference; explicitFileType = wrapper.application; includeInIndex = 0; path = Wordle.app; sourceTree = BUILT_PRODUCTS_DIR; };
		0332A935296A2B9D0012D8C7 /* WordleApp.swift */ = {isa = PBXFileReference; lastKnownFileType = sourcecode.swift; path = WordleApp.swift; sourceTree = "<group>"; };
		0332A937296A2B9D0012D8C7 /* GameView.swift */ = {isa = PBXFileReference; lastKnownFileType = sourcecode.swift; path = GameView.swift; sourceTree = "<group>"; };
		0332A939296A2B9E0012D8C7 /* Assets.xcassets */ = {isa = PBXFileReference; lastKnownFileType = folder.assetcatalog; path = Assets.xcassets; sourceTree = "<group>"; };
		0332A93C296A2B9E0012D8C7 /* Preview Assets.xcassets */ = {isa = PBXFileReference; lastKnownFileType = folder.assetcatalog; path = "Preview Assets.xcassets"; sourceTree = "<group>"; };
		0332A942296A2B9E0012D8C7 /* WordleTests.xctest */ = {isa = PBXFileReference; explicitFileType = wrapper.cfbundle; includeInIndex = 0; path = WordleTests.xctest; sourceTree = BUILT_PRODUCTS_DIR; };
		0332A946296A2B9E0012D8C7 /* WordleTests.swift */ = {isa = PBXFileReference; lastKnownFileType = sourcecode.swift; path = WordleTests.swift; sourceTree = "<group>"; };
		0332A94C296A2B9E0012D8C7 /* WordleUITests.xctest */ = {isa = PBXFileReference; explicitFileType = wrapper.cfbundle; includeInIndex = 0; path = WordleUITests.xctest; sourceTree = BUILT_PRODUCTS_DIR; };
		0332A950296A2B9E0012D8C7 /* WordleUITests.swift */ = {isa = PBXFileReference; lastKnownFileType = sourcecode.swift; path = WordleUITests.swift; sourceTree = "<group>"; };
		0332A952296A2B9E0012D8C7 /* WordleUITestsLaunchTests.swift */ = {isa = PBXFileReference; lastKnownFileType = sourcecode.swift; path = WordleUITestsLaunchTests.swift; sourceTree = "<group>"; };
		03402827297C4D5B00BF1CAB /* words.json */ = {isa = PBXFileReference; fileEncoding = 4; lastKnownFileType = text.json; path = words.json; sourceTree = "<group>"; };
		03402829297DC61B00BF1CAB /* LetterView.swift */ = {isa = PBXFileReference; lastKnownFileType = sourcecode.swift; path = LetterView.swift; sourceTree = "<group>"; };
		0340282B297DC72700BF1CAB /* Letter.swift */ = {isa = PBXFileReference; lastKnownFileType = sourcecode.swift; path = Letter.swift; sourceTree = "<group>"; };
		0340282D297DC74B00BF1CAB /* Row.swift */ = {isa = PBXFileReference; lastKnownFileType = sourcecode.swift; path = Row.swift; sourceTree = "<group>"; };
		0340282F297DC76200BF1CAB /* Color+Wordle.swift */ = {isa = PBXFileReference; lastKnownFileType = sourcecode.swift; path = "Color+Wordle.swift"; sourceTree = "<group>"; };
		03402831297DC77A00BF1CAB /* With.swift */ = {isa = PBXFileReference; lastKnownFileType = sourcecode.swift; path = With.swift; sourceTree = "<group>"; };
		03402833297DC7A700BF1CAB /* GameViewModel.swift */ = {isa = PBXFileReference; lastKnownFileType = sourcecode.swift; path = GameViewModel.swift; sourceTree = "<group>"; };
		03402835297DC85E00BF1CAB /* AnchorToParentLayout.swift */ = {isa = PBXFileReference; lastKnownFileType = sourcecode.swift; path = AnchorToParentLayout.swift; sourceTree = "<group>"; };
		03402837297DC89300BF1CAB /* CGSize+AspectRatio.swift */ = {isa = PBXFileReference; lastKnownFileType = sourcecode.swift; path = "CGSize+AspectRatio.swift"; sourceTree = "<group>"; };
		03D12EBE2998167600808977 /* Stack.swift */ = {isa = PBXFileReference; lastKnownFileType = sourcecode.swift; path = Stack.swift; sourceTree = "<group>"; };
		03D12EC0299819C000808977 /* Game.swift */ = {isa = PBXFileReference; lastKnownFileType = sourcecode.swift; path = Game.swift; sourceTree = "<group>"; };
		03D12EC229981D6600808977 /* Publisher+ScanMap.swift */ = {isa = PBXFileReference; lastKnownFileType = sourcecode.swift; path = "Publisher+ScanMap.swift"; sourceTree = "<group>"; };
		03D12EC42998221200808977 /* Animations.swift */ = {isa = PBXFileReference; lastKnownFileType = sourcecode.swift; path = Animations.swift; sourceTree = "<group>"; };
/* End PBXFileReference section */

/* Begin PBXFrameworksBuildPhase section */
		0332A92F296A2B9D0012D8C7 /* Frameworks */ = {
			isa = PBXFrameworksBuildPhase;
			buildActionMask = 2147483647;
			files = (
			);
			runOnlyForDeploymentPostprocessing = 0;
		};
		0332A93F296A2B9E0012D8C7 /* Frameworks */ = {
			isa = PBXFrameworksBuildPhase;
			buildActionMask = 2147483647;
			files = (
			);
			runOnlyForDeploymentPostprocessing = 0;
		};
		0332A949296A2B9E0012D8C7 /* Frameworks */ = {
			isa = PBXFrameworksBuildPhase;
			buildActionMask = 2147483647;
			files = (
			);
			runOnlyForDeploymentPostprocessing = 0;
		};
/* End PBXFrameworksBuildPhase section */

/* Begin PBXGroup section */
		0332A929296A2B9D0012D8C7 = {
			isa = PBXGroup;
			children = (
				0332A934296A2B9D0012D8C7 /* Wordle */,
				0332A945296A2B9E0012D8C7 /* WordleTests */,
				0332A94F296A2B9E0012D8C7 /* WordleUITests */,
				0332A933296A2B9D0012D8C7 /* Products */,
			);
			sourceTree = "<group>";
		};
		0332A933296A2B9D0012D8C7 /* Products */ = {
			isa = PBXGroup;
			children = (
				0332A932296A2B9D0012D8C7 /* Wordle.app */,
				0332A942296A2B9E0012D8C7 /* WordleTests.xctest */,
				0332A94C296A2B9E0012D8C7 /* WordleUITests.xctest */,
			);
			name = Products;
			sourceTree = "<group>";
		};
		0332A934296A2B9D0012D8C7 /* Wordle */ = {
			isa = PBXGroup;
			children = (
				03402835297DC85E00BF1CAB /* AnchorToParentLayout.swift */,
				0340282F297DC76200BF1CAB /* Color+Wordle.swift */,
				03402837297DC89300BF1CAB /* CGSize+AspectRatio.swift */,
				0332A937296A2B9D0012D8C7 /* GameView.swift */,
				03D12EBE2998167600808977 /* Stack.swift */,
				03402833297DC7A700BF1CAB /* GameViewModel.swift */,
				03D12EC229981D6600808977 /* Publisher+ScanMap.swift */,
				03402829297DC61B00BF1CAB /* LetterView.swift */,
				0340282B297DC72700BF1CAB /* Letter.swift */,
				0340282D297DC74B00BF1CAB /* Row.swift */,
				03402831297DC77A00BF1CAB /* With.swift */,
				0332A935296A2B9D0012D8C7 /* WordleApp.swift */,
				0332A939296A2B9E0012D8C7 /* Assets.xcassets */,
				03402827297C4D5B00BF1CAB /* words.json */,
				0332A93B296A2B9E0012D8C7 /* Preview Content */,
				03D12EC0299819C000808977 /* Game.swift */,
				03D12EC42998221200808977 /* Animations.swift */,
			);
			path = Wordle;
			sourceTree = "<group>";
		};
		0332A93B296A2B9E0012D8C7 /* Preview Content */ = {
			isa = PBXGroup;
			children = (
				0332A93C296A2B9E0012D8C7 /* Preview Assets.xcassets */,
			);
			path = "Preview Content";
			sourceTree = "<group>";
		};
		0332A945296A2B9E0012D8C7 /* WordleTests */ = {
			isa = PBXGroup;
			children = (
				0332A946296A2B9E0012D8C7 /* WordleTests.swift */,
			);
			path = WordleTests;
			sourceTree = "<group>";
		};
		0332A94F296A2B9E0012D8C7 /* WordleUITests */ = {
			isa = PBXGroup;
			children = (
				0332A950296A2B9E0012D8C7 /* WordleUITests.swift */,
				0332A952296A2B9E0012D8C7 /* WordleUITestsLaunchTests.swift */,
			);
			path = WordleUITests;
			sourceTree = "<group>";
		};
/* End PBXGroup section */

/* Begin PBXNativeTarget section */
		0332A931296A2B9D0012D8C7 /* Wordle */ = {
			isa = PBXNativeTarget;
			buildConfigurationList = 0332A956296A2B9E0012D8C7 /* Build configuration list for PBXNativeTarget "Wordle" */;
			buildPhases = (
				0332A92E296A2B9D0012D8C7 /* Sources */,
				0332A92F296A2B9D0012D8C7 /* Frameworks */,
				0332A930296A2B9D0012D8C7 /* Resources */,
			);
			buildRules = (
			);
			dependencies = (
			);
			name = Wordle;
			packageProductDependencies = (
			);
			productName = Wordle;
			productReference = 0332A932296A2B9D0012D8C7 /* Wordle.app */;
			productType = "com.apple.product-type.application";
		};
		0332A941296A2B9E0012D8C7 /* WordleTests */ = {
			isa = PBXNativeTarget;
			buildConfigurationList = 0332A959296A2B9E0012D8C7 /* Build configuration list for PBXNativeTarget "WordleTests" */;
			buildPhases = (
				0332A93E296A2B9E0012D8C7 /* Sources */,
				0332A93F296A2B9E0012D8C7 /* Frameworks */,
				0332A940296A2B9E0012D8C7 /* Resources */,
			);
			buildRules = (
			);
			dependencies = (
				0332A944296A2B9E0012D8C7 /* PBXTargetDependency */,
			);
			name = WordleTests;
			productName = WordleTests;
			productReference = 0332A942296A2B9E0012D8C7 /* WordleTests.xctest */;
			productType = "com.apple.product-type.bundle.unit-test";
		};
		0332A94B296A2B9E0012D8C7 /* WordleUITests */ = {
			isa = PBXNativeTarget;
			buildConfigurationList = 0332A95C296A2B9E0012D8C7 /* Build configuration list for PBXNativeTarget "WordleUITests" */;
			buildPhases = (
				0332A948296A2B9E0012D8C7 /* Sources */,
				0332A949296A2B9E0012D8C7 /* Frameworks */,
				0332A94A296A2B9E0012D8C7 /* Resources */,
			);
			buildRules = (
			);
			dependencies = (
				0332A94E296A2B9E0012D8C7 /* PBXTargetDependency */,
			);
			name = WordleUITests;
			productName = WordleUITests;
			productReference = 0332A94C296A2B9E0012D8C7 /* WordleUITests.xctest */;
			productType = "com.apple.product-type.bundle.ui-testing";
		};
/* End PBXNativeTarget section */

/* Begin PBXProject section */
		0332A92A296A2B9D0012D8C7 /* Project object */ = {
			isa = PBXProject;
			attributes = {
				BuildIndependentTargetsInParallel = 1;
				LastSwiftUpdateCheck = 1410;
				LastUpgradeCheck = 1410;
				TargetAttributes = {
					0332A931296A2B9D0012D8C7 = {
						CreatedOnToolsVersion = 14.1;
					};
					0332A941296A2B9E0012D8C7 = {
						CreatedOnToolsVersion = 14.1;
						TestTargetID = 0332A931296A2B9D0012D8C7;
					};
					0332A94B296A2B9E0012D8C7 = {
						CreatedOnToolsVersion = 14.1;
						TestTargetID = 0332A931296A2B9D0012D8C7;
					};
				};
			};
			buildConfigurationList = 0332A92D296A2B9D0012D8C7 /* Build configuration list for PBXProject "Wordle" */;
			compatibilityVersion = "Xcode 14.0";
			developmentRegion = en;
			hasScannedForEncodings = 0;
			knownRegions = (
				en,
				Base,
			);
			mainGroup = 0332A929296A2B9D0012D8C7;
			packageReferences = (
			);
			productRefGroup = 0332A933296A2B9D0012D8C7 /* Products */;
			projectDirPath = "";
			projectRoot = "";
			targets = (
				0332A931296A2B9D0012D8C7 /* Wordle */,
				0332A941296A2B9E0012D8C7 /* WordleTests */,
				0332A94B296A2B9E0012D8C7 /* WordleUITests */,
			);
		};
/* End PBXProject section */

/* Begin PBXResourcesBuildPhase section */
		0332A930296A2B9D0012D8C7 /* Resources */ = {
			isa = PBXResourcesBuildPhase;
			buildActionMask = 2147483647;
			files = (
				03402828297C4D5B00BF1CAB /* words.json in Resources */,
				0332A93D296A2B9E0012D8C7 /* Preview Assets.xcassets in Resources */,
				0332A93A296A2B9E0012D8C7 /* Assets.xcassets in Resources */,
			);
			runOnlyForDeploymentPostprocessing = 0;
		};
		0332A940296A2B9E0012D8C7 /* Resources */ = {
			isa = PBXResourcesBuildPhase;
			buildActionMask = 2147483647;
			files = (
			);
			runOnlyForDeploymentPostprocessing = 0;
		};
		0332A94A296A2B9E0012D8C7 /* Resources */ = {
			isa = PBXResourcesBuildPhase;
			buildActionMask = 2147483647;
			files = (
			);
			runOnlyForDeploymentPostprocessing = 0;
		};
/* End PBXResourcesBuildPhase section */

/* Begin PBXSourcesBuildPhase section */
		0332A92E296A2B9D0012D8C7 /* Sources */ = {
			isa = PBXSourcesBuildPhase;
			buildActionMask = 2147483647;
			files = (
				03402838297DC89300BF1CAB /* CGSize+AspectRatio.swift in Sources */,
				03D12EC329981D6600808977 /* Publisher+ScanMap.swift in Sources */,
				03402830297DC76200BF1CAB /* Color+Wordle.swift in Sources */,
				0332A938296A2B9D0012D8C7 /* GameView.swift in Sources */,
				0340282A297DC61B00BF1CAB /* LetterView.swift in Sources */,
				03402832297DC77A00BF1CAB /* With.swift in Sources */,
				03D12EC52998221200808977 /* Animations.swift in Sources */,
				03D12EBF2998167600808977 /* Stack.swift in Sources */,
				03402834297DC7A700BF1CAB /* GameViewModel.swift in Sources */,
				03D12EC1299819C000808977 /* Game.swift in Sources */,
				03402836297DC85E00BF1CAB /* AnchorToParentLayout.swift in Sources */,
				0332A936296A2B9D0012D8C7 /* WordleApp.swift in Sources */,
				0340282E297DC74B00BF1CAB /* Row.swift in Sources */,
				0340282C297DC72700BF1CAB /* Letter.swift in Sources */,
			);
			runOnlyForDeploymentPostprocessing = 0;
		};
		0332A93E296A2B9E0012D8C7 /* Sources */ = {
			isa = PBXSourcesBuildPhase;
			buildActionMask = 2147483647;
			files = (
				0332A947296A2B9E0012D8C7 /* WordleTests.swift in Sources */,
			);
			runOnlyForDeploymentPostprocessing = 0;
		};
		0332A948296A2B9E0012D8C7 /* Sources */ = {
			isa = PBXSourcesBuildPhase;
			buildActionMask = 2147483647;
			files = (
				0332A951296A2B9E0012D8C7 /* WordleUITests.swift in Sources */,
				0332A953296A2B9E0012D8C7 /* WordleUITestsLaunchTests.swift in Sources */,
			);
			runOnlyForDeploymentPostprocessing = 0;
		};
/* End PBXSourcesBuildPhase section */

/* Begin PBXTargetDependency section */
		0332A944296A2B9E0012D8C7 /* PBXTargetDependency */ = {
			isa = PBXTargetDependency;
			target = 0332A931296A2B9D0012D8C7 /* Wordle */;
			targetProxy = 0332A943296A2B9E0012D8C7 /* PBXContainerItemProxy */;
		};
		0332A94E296A2B9E0012D8C7 /* PBXTargetDependency */ = {
			isa = PBXTargetDependency;
			target = 0332A931296A2B9D0012D8C7 /* Wordle */;
			targetProxy = 0332A94D296A2B9E0012D8C7 /* PBXContainerItemProxy */;
		};
/* End PBXTargetDependency section */

/* Begin XCBuildConfiguration section */
		0332A954296A2B9E0012D8C7 /* Debug */ = {
			isa = XCBuildConfiguration;
			buildSettings = {
				ALWAYS_SEARCH_USER_PATHS = NO;
				CLANG_ANALYZER_NONNULL = YES;
				CLANG_ANALYZER_NUMBER_OBJECT_CONVERSION = YES_AGGRESSIVE;
				CLANG_CXX_LANGUAGE_STANDARD = "gnu++20";
				CLANG_ENABLE_MODULES = YES;
				CLANG_ENABLE_OBJC_ARC = YES;
				CLANG_ENABLE_OBJC_WEAK = YES;
				CLANG_WARN_BLOCK_CAPTURE_AUTORELEASING = YES;
				CLANG_WARN_BOOL_CONVERSION = YES;
				CLANG_WARN_COMMA = YES;
				CLANG_WARN_CONSTANT_CONVERSION = YES;
				CLANG_WARN_DEPRECATED_OBJC_IMPLEMENTATIONS = YES;
				CLANG_WARN_DIRECT_OBJC_ISA_USAGE = YES_ERROR;
				CLANG_WARN_DOCUMENTATION_COMMENTS = YES;
				CLANG_WARN_EMPTY_BODY = YES;
				CLANG_WARN_ENUM_CONVERSION = YES;
				CLANG_WARN_INFINITE_RECURSION = YES;
				CLANG_WARN_INT_CONVERSION = YES;
				CLANG_WARN_NON_LITERAL_NULL_CONVERSION = YES;
				CLANG_WARN_OBJC_IMPLICIT_RETAIN_SELF = YES;
				CLANG_WARN_OBJC_LITERAL_CONVERSION = YES;
				CLANG_WARN_OBJC_ROOT_CLASS = YES_ERROR;
				CLANG_WARN_QUOTED_INCLUDE_IN_FRAMEWORK_HEADER = YES;
				CLANG_WARN_RANGE_LOOP_ANALYSIS = YES;
				CLANG_WARN_STRICT_PROTOTYPES = YES;
				CLANG_WARN_SUSPICIOUS_MOVE = YES;
				CLANG_WARN_UNGUARDED_AVAILABILITY = YES_AGGRESSIVE;
				CLANG_WARN_UNREACHABLE_CODE = YES;
				CLANG_WARN__DUPLICATE_METHOD_MATCH = YES;
				COPY_PHASE_STRIP = NO;
				DEBUG_INFORMATION_FORMAT = dwarf;
				ENABLE_STRICT_OBJC_MSGSEND = YES;
				ENABLE_TESTABILITY = YES;
				GCC_C_LANGUAGE_STANDARD = gnu11;
				GCC_DYNAMIC_NO_PIC = NO;
				GCC_NO_COMMON_BLOCKS = YES;
				GCC_OPTIMIZATION_LEVEL = 0;
				GCC_PREPROCESSOR_DEFINITIONS = (
					"DEBUG=1",
					"$(inherited)",
				);
				GCC_WARN_64_TO_32_BIT_CONVERSION = YES;
				GCC_WARN_ABOUT_RETURN_TYPE = YES_ERROR;
				GCC_WARN_UNDECLARED_SELECTOR = YES;
				GCC_WARN_UNINITIALIZED_AUTOS = YES_AGGRESSIVE;
				GCC_WARN_UNUSED_FUNCTION = YES;
				GCC_WARN_UNUSED_VARIABLE = YES;
				IPHONEOS_DEPLOYMENT_TARGET = 16.1;
				MTL_ENABLE_DEBUG_INFO = INCLUDE_SOURCE;
				MTL_FAST_MATH = YES;
				ONLY_ACTIVE_ARCH = YES;
				SDKROOT = iphoneos;
				SWIFT_ACTIVE_COMPILATION_CONDITIONS = DEBUG;
				SWIFT_OPTIMIZATION_LEVEL = "-Onone";
			};
			name = Debug;
		};
		0332A955296A2B9E0012D8C7 /* Release */ = {
			isa = XCBuildConfiguration;
			buildSettings = {
				ALWAYS_SEARCH_USER_PATHS = NO;
				CLANG_ANALYZER_NONNULL = YES;
				CLANG_ANALYZER_NUMBER_OBJECT_CONVERSION = YES_AGGRESSIVE;
				CLANG_CXX_LANGUAGE_STANDARD = "gnu++20";
				CLANG_ENABLE_MODULES = YES;
				CLANG_ENABLE_OBJC_ARC = YES;
				CLANG_ENABLE_OBJC_WEAK = YES;
				CLANG_WARN_BLOCK_CAPTURE_AUTORELEASING = YES;
				CLANG_WARN_BOOL_CONVERSION = YES;
				CLANG_WARN_COMMA = YES;
				CLANG_WARN_CONSTANT_CONVERSION = YES;
				CLANG_WARN_DEPRECATED_OBJC_IMPLEMENTATIONS = YES;
				CLANG_WARN_DIRECT_OBJC_ISA_USAGE = YES_ERROR;
				CLANG_WARN_DOCUMENTATION_COMMENTS = YES;
				CLANG_WARN_EMPTY_BODY = YES;
				CLANG_WARN_ENUM_CONVERSION = YES;
				CLANG_WARN_INFINITE_RECURSION = YES;
				CLANG_WARN_INT_CONVERSION = YES;
				CLANG_WARN_NON_LITERAL_NULL_CONVERSION = YES;
				CLANG_WARN_OBJC_IMPLICIT_RETAIN_SELF = YES;
				CLANG_WARN_OBJC_LITERAL_CONVERSION = YES;
				CLANG_WARN_OBJC_ROOT_CLASS = YES_ERROR;
				CLANG_WARN_QUOTED_INCLUDE_IN_FRAMEWORK_HEADER = YES;
				CLANG_WARN_RANGE_LOOP_ANALYSIS = YES;
				CLANG_WARN_STRICT_PROTOTYPES = YES;
				CLANG_WARN_SUSPICIOUS_MOVE = YES;
				CLANG_WARN_UNGUARDED_AVAILABILITY = YES_AGGRESSIVE;
				CLANG_WARN_UNREACHABLE_CODE = YES;
				CLANG_WARN__DUPLICATE_METHOD_MATCH = YES;
				COPY_PHASE_STRIP = NO;
				DEBUG_INFORMATION_FORMAT = "dwarf-with-dsym";
				ENABLE_NS_ASSERTIONS = NO;
				ENABLE_STRICT_OBJC_MSGSEND = YES;
				GCC_C_LANGUAGE_STANDARD = gnu11;
				GCC_NO_COMMON_BLOCKS = YES;
				GCC_WARN_64_TO_32_BIT_CONVERSION = YES;
				GCC_WARN_ABOUT_RETURN_TYPE = YES_ERROR;
				GCC_WARN_UNDECLARED_SELECTOR = YES;
				GCC_WARN_UNINITIALIZED_AUTOS = YES_AGGRESSIVE;
				GCC_WARN_UNUSED_FUNCTION = YES;
				GCC_WARN_UNUSED_VARIABLE = YES;
				IPHONEOS_DEPLOYMENT_TARGET = 16.1;
				MTL_ENABLE_DEBUG_INFO = NO;
				MTL_FAST_MATH = YES;
				SDKROOT = iphoneos;
				SWIFT_COMPILATION_MODE = wholemodule;
				SWIFT_OPTIMIZATION_LEVEL = "-O";
				VALIDATE_PRODUCT = YES;
			};
			name = Release;
		};
		0332A957296A2B9E0012D8C7 /* Debug */ = {
			isa = XCBuildConfiguration;
			buildSettings = {
				ASSETCATALOG_COMPILER_APPICON_NAME = AppIcon;
				ASSETCATALOG_COMPILER_GLOBAL_ACCENT_COLOR_NAME = AccentColor;
				CODE_SIGN_STYLE = Automatic;
				CURRENT_PROJECT_VERSION = 1;
				DEVELOPMENT_ASSET_PATHS = "\"Wordle/Preview Content\"";
				DEVELOPMENT_TEAM = L4WMJSL77G;
				ENABLE_PREVIEWS = YES;
				GENERATE_INFOPLIST_FILE = YES;
				INFOPLIST_KEY_UIApplicationSceneManifest_Generation = YES;
				INFOPLIST_KEY_UIApplicationSupportsIndirectInputEvents = YES;
				INFOPLIST_KEY_UILaunchScreen_Generation = YES;
				INFOPLIST_KEY_UISupportedInterfaceOrientations_iPad = "UIInterfaceOrientationPortrait UIInterfaceOrientationPortraitUpsideDown UIInterfaceOrientationLandscapeLeft UIInterfaceOrientationLandscapeRight";
				INFOPLIST_KEY_UISupportedInterfaceOrientations_iPhone = "UIInterfaceOrientationPortrait UIInterfaceOrientationLandscapeLeft UIInterfaceOrientationLandscapeRight";
				LD_RUNPATH_SEARCH_PATHS = (
					"$(inherited)",
					"@executable_path/Frameworks",
				);
				MARKETING_VERSION = 1.0;
				PRODUCT_BUNDLE_IDENTIFIER = com.josh.Wordle;
				PRODUCT_NAME = "$(TARGET_NAME)";
				SWIFT_EMIT_LOC_STRINGS = YES;
				SWIFT_VERSION = 5.0;
				TARGETED_DEVICE_FAMILY = "1,2";
			};
			name = Debug;
		};
		0332A958296A2B9E0012D8C7 /* Release */ = {
			isa = XCBuildConfiguration;
			buildSettings = {
				ASSETCATALOG_COMPILER_APPICON_NAME = AppIcon;
				ASSETCATALOG_COMPILER_GLOBAL_ACCENT_COLOR_NAME = AccentColor;
				CODE_SIGN_STYLE = Automatic;
				CURRENT_PROJECT_VERSION = 1;
				DEVELOPMENT_ASSET_PATHS = "\"Wordle/Preview Content\"";
				DEVELOPMENT_TEAM = L4WMJSL77G;
				ENABLE_PREVIEWS = YES;
				GENERATE_INFOPLIST_FILE = YES;
				INFOPLIST_KEY_UIApplicationSceneManifest_Generation = YES;
				INFOPLIST_KEY_UIApplicationSupportsIndirectInputEvents = YES;
				INFOPLIST_KEY_UILaunchScreen_Generation = YES;
				INFOPLIST_KEY_UISupportedInterfaceOrientations_iPad = "UIInterfaceOrientationPortrait UIInterfaceOrientationPortraitUpsideDown UIInterfaceOrientationLandscapeLeft UIInterfaceOrientationLandscapeRight";
				INFOPLIST_KEY_UISupportedInterfaceOrientations_iPhone = "UIInterfaceOrientationPortrait UIInterfaceOrientationLandscapeLeft UIInterfaceOrientationLandscapeRight";
				LD_RUNPATH_SEARCH_PATHS = (
					"$(inherited)",
					"@executable_path/Frameworks",
				);
				MARKETING_VERSION = 1.0;
				PRODUCT_BUNDLE_IDENTIFIER = com.josh.Wordle;
				PRODUCT_NAME = "$(TARGET_NAME)";
				SWIFT_EMIT_LOC_STRINGS = YES;
				SWIFT_VERSION = 5.0;
				TARGETED_DEVICE_FAMILY = "1,2";
			};
			name = Release;
		};
		0332A95A296A2B9E0012D8C7 /* Debug */ = {
			isa = XCBuildConfiguration;
			buildSettings = {
				ALWAYS_EMBED_SWIFT_STANDARD_LIBRARIES = YES;
				BUNDLE_LOADER = "$(TEST_HOST)";
				CODE_SIGN_STYLE = Automatic;
				CURRENT_PROJECT_VERSION = 1;
				DEVELOPMENT_TEAM = L4WMJSL77G;
				GENERATE_INFOPLIST_FILE = YES;
				IPHONEOS_DEPLOYMENT_TARGET = 16.1;
				MARKETING_VERSION = 1.0;
				PRODUCT_BUNDLE_IDENTIFIER = com.josh.WordleTests;
				PRODUCT_NAME = "$(TARGET_NAME)";
				SWIFT_EMIT_LOC_STRINGS = NO;
				SWIFT_VERSION = 5.0;
				TARGETED_DEVICE_FAMILY = "1,2";
				TEST_HOST = "$(BUILT_PRODUCTS_DIR)/Wordle.app/$(BUNDLE_EXECUTABLE_FOLDER_PATH)/Wordle";
			};
			name = Debug;
		};
		0332A95B296A2B9E0012D8C7 /* Release */ = {
			isa = XCBuildConfiguration;
			buildSettings = {
				ALWAYS_EMBED_SWIFT_STANDARD_LIBRARIES = YES;
				BUNDLE_LOADER = "$(TEST_HOST)";
				CODE_SIGN_STYLE = Automatic;
				CURRENT_PROJECT_VERSION = 1;
				DEVELOPMENT_TEAM = L4WMJSL77G;
				GENERATE_INFOPLIST_FILE = YES;
				IPHONEOS_DEPLOYMENT_TARGET = 16.1;
				MARKETING_VERSION = 1.0;
				PRODUCT_BUNDLE_IDENTIFIER = com.josh.WordleTests;
				PRODUCT_NAME = "$(TARGET_NAME)";
				SWIFT_EMIT_LOC_STRINGS = NO;
				SWIFT_VERSION = 5.0;
				TARGETED_DEVICE_FAMILY = "1,2";
				TEST_HOST = "$(BUILT_PRODUCTS_DIR)/Wordle.app/$(BUNDLE_EXECUTABLE_FOLDER_PATH)/Wordle";
			};
			name = Release;
		};
		0332A95D296A2B9E0012D8C7 /* Debug */ = {
			isa = XCBuildConfiguration;
			buildSettings = {
				ALWAYS_EMBED_SWIFT_STANDARD_LIBRARIES = YES;
				CODE_SIGN_STYLE = Automatic;
				CURRENT_PROJECT_VERSION = 1;
				DEVELOPMENT_TEAM = L4WMJSL77G;
				GENERATE_INFOPLIST_FILE = YES;
				MARKETING_VERSION = 1.0;
				PRODUCT_BUNDLE_IDENTIFIER = com.josh.WordleUITests;
				PRODUCT_NAME = "$(TARGET_NAME)";
				SWIFT_EMIT_LOC_STRINGS = NO;
				SWIFT_VERSION = 5.0;
				TARGETED_DEVICE_FAMILY = "1,2";
				TEST_TARGET_NAME = Wordle;
			};
			name = Debug;
		};
		0332A95E296A2B9E0012D8C7 /* Release */ = {
			isa = XCBuildConfiguration;
			buildSettings = {
				ALWAYS_EMBED_SWIFT_STANDARD_LIBRARIES = YES;
				CODE_SIGN_STYLE = Automatic;
				CURRENT_PROJECT_VERSION = 1;
				DEVELOPMENT_TEAM = L4WMJSL77G;
				GENERATE_INFOPLIST_FILE = YES;
				MARKETING_VERSION = 1.0;
				PRODUCT_BUNDLE_IDENTIFIER = com.josh.WordleUITests;
				PRODUCT_NAME = "$(TARGET_NAME)";
				SWIFT_EMIT_LOC_STRINGS = NO;
				SWIFT_VERSION = 5.0;
				TARGETED_DEVICE_FAMILY = "1,2";
				TEST_TARGET_NAME = Wordle;
			};
			name = Release;
		};
/* End XCBuildConfiguration section */

/* Begin XCConfigurationList section */
		0332A92D296A2B9D0012D8C7 /* Build configuration list for PBXProject "Wordle" */ = {
			isa = XCConfigurationList;
			buildConfigurations = (
				0332A954296A2B9E0012D8C7 /* Debug */,
				0332A955296A2B9E0012D8C7 /* Release */,
			);
			defaultConfigurationIsVisible = 0;
			defaultConfigurationName = Release;
		};
		0332A956296A2B9E0012D8C7 /* Build configuration list for PBXNativeTarget "Wordle" */ = {
			isa = XCConfigurationList;
			buildConfigurations = (
				0332A957296A2B9E0012D8C7 /* Debug */,
				0332A958296A2B9E0012D8C7 /* Release */,
			);
			defaultConfigurationIsVisible = 0;
			defaultConfigurationName = Release;
		};
		0332A959296A2B9E0012D8C7 /* Build configuration list for PBXNativeTarget "WordleTests" */ = {
			isa = XCConfigurationList;
			buildConfigurations = (
				0332A95A296A2B9E0012D8C7 /* Debug */,
				0332A95B296A2B9E0012D8C7 /* Release */,
			);
			defaultConfigurationIsVisible = 0;
			defaultConfigurationName = Release;
		};
		0332A95C296A2B9E0012D8C7 /* Build configuration list for PBXNativeTarget "WordleUITests" */ = {
			isa = XCConfigurationList;
			buildConfigurations = (
				0332A95D296A2B9E0012D8C7 /* Debug */,
				0332A95E296A2B9E0012D8C7 /* Release */,
			);
			defaultConfigurationIsVisible = 0;
			defaultConfigurationName = Release;
		};
/* End XCConfigurationList section */
	};
	rootObject = 0332A92A296A2B9D0012D8C7 /* Project object */;
}
